Microsoft Visual Studio Solution File, Format Version 12.00
# Visual Studio Version 17
VisualStudioVersion = 17.5.2.0
MinimumVisualStudioVersion = 10.0.40219.1
Project("{FAE04EC0-301F-11D3-BF4B-00C04F79EFBC}") = "CrashDetectorwithAI", "CrashDetectorwithAI.csproj", "{EA42BDE6-6194-EE6C-F89A-95DF1B6DFC36}"
EndProject
Global
	GlobalSection(SolutionConfigurationPlatforms) = preSolution
		Debug|Any CPU = Debug|Any CPU
		Release|Any CPU = Release|Any CPU
	EndGlobalSection
	GlobalSection(ProjectConfigurationPlatforms) = postSolution
		{EA42BDE6-6194-EE6C-F89A-95DF1B6DFC36}.Debug|Any CPU.ActiveCfg = Debug|Any CPU
		{EA42BDE6-6194-EE6C-F89A-95DF1B6DFC36}.Debug|Any CPU.Build.0 = Debug|Any CPU
		{EA42BDE6-6194-EE6C-F89A-95DF1B6DFC36}.Release|Any CPU.ActiveCfg = Release|Any CPU
		{EA42BDE6-6194-EE6C-F89A-95DF1B6DFC36}.Release|Any CPU.Build.0 = Release|Any CPU
	EndGlobalSection
	GlobalSection(SolutionProperties) = preSolution
		HideSolutionNode = FALSE
	EndGlobalSection
	GlobalSection(ExtensibilityGlobals) = postSolution
		SolutionGuid = {12E6037B-BAD5-49FE-A396-4773E418B05B}
	EndGlobalSection
EndGlobal 